
Microsoft Visual Studio Solution File, Format Version 12.00
# Visual Studio Version 17
VisualStudioVersion = 17.6.33829.357
MinimumVisualStudioVersion = 10.0.40219.1
Project("{FAE04EC0-301F-11D3-BF4B-00C04F79EFBC}") = "SchoolManagement", "SchoolManagement\SchoolManagement.csproj", "{D532C7C6-DE26-4E66-869E-D063DE36139E}"
EndProject
Global
	GlobalSection(SolutionConfigurationPlatforms) = preSolution
		Debug|Any CPU = Debug|Any CPU
		Release|Any CPU = Release|Any CPU
	EndGlobalSection
	GlobalSection(ProjectConfigurationPlatforms) = postSolution
		{D532C7C6-DE26-4E66-869E-D063DE36139E}.Debug|Any CPU.ActiveCfg = Debug|Any CPU
		{D532C7C6-DE26-4E66-869E-D063DE36139E}.Debug|Any CPU.Build.0 = Debug|Any CPU
		{D532C7C6-DE26-4E66-869E-D063DE36139E}.Release|Any CPU.ActiveCfg = Release|Any CPU
		{D532C7C6-DE26-4E66-869E-D063DE36139E}.Release|Any CPU.Build.0 = Release|Any CPU
	EndGlobalSection
	GlobalSection(SolutionProperties) = preSolution
		HideSolutionNode = FALSE
	EndGlobalSection
	GlobalSection(ExtensibilityGlobals) = postSolution
		SolutionGuid = {A9BFA50F-0861-40D6-BDEE-2DAF1863CC40}
	EndGlobalSection
EndGlobal
